
Microsoft Visual Studio Solution File, Format Version 12.00
# Visual Studio Version 16
VisualStudioVersion = 16.0.29519.87
MinimumVisualStudioVersion = 10.0.40219.1
Project("{FAE04EC0-301F-11D3-BF4B-00C04F79EFBC}") = "ControleEstoque", "ControleEstoque\ControleEstoque.csproj", "{D69D58D9-96A5-47CF-A18D-1308A4991735}"
EndProject
Global
	GlobalSection(SolutionConfigurationPlatforms) = preSolution
		Debug|Any CPU = Debug|Any CPU
		Release|Any CPU = Release|Any CPU
	EndGlobalSection
	GlobalSection(ProjectConfigurationPlatforms) = postSolution
		{D69D58D9-96A5-47CF-A18D-1308A4991735}.Debug|Any CPU.ActiveCfg = Debug|Any CPU
		{D69D58D9-96A5-47CF-A18D-1308A4991735}.Debug|Any CPU.Build.0 = Debug|Any CPU
		{D69D58D9-96A5-47CF-A18D-1308A4991735}.Release|Any CPU.ActiveCfg = Release|Any CPU
		{D69D58D9-96A5-47CF-A18D-1308A4991735}.Release|Any CPU.Build.0 = Release|Any CPU
	EndGlobalSection
	GlobalSection(SolutionProperties) = preSolution
		HideSolutionNode = FALSE
	EndGlobalSection
	GlobalSection(ExtensibilityGlobals) = postSolution
		SolutionGuid = {FA6BBD6A-AB68-4EE0-911A-D593EDC74499}
	EndGlobalSection
EndGlobal
